version = 1
revision = 3
requires-python = ">=3.13"

[[package]]
name = "alertsys"
version = "0.1.0"
source = { virtual = "." }
dependencies = [
    { name = "dotenv" },
    { name = "gcn-kafka" },
    { name = "httpx" },
    { name = "ruff" },
]

[package.metadata]
requires-dist = [
    { name = "dotenv", specifier = ">=0.9.9" },
    { name = "gcn-kafka", specifier = ">=0.3.4" },
    { name = "httpx", specifier = ">=0.28.1" },
    { name = "ruff", specifier = ">=0.14.6" },
]

[[package]]
name = "anyio"
version = "4.11.0"
source = { registry = "https://pypi.org/simple" }
dependencies = [
    { name = "idna" },
    { name = "sniffio" },
]
sdist = { url = "https://files.pythonhosted.org/packages/c6/78/7d432127c41b50bccba979505f272c16cbcadcc33645d5fa3a738110ae75/anyio-4.11.0.tar.gz", hash = "sha256:82a8d0b81e318cc5ce71a5f1f8b5c4e63619620b63141ef8c995fa0db95a57c4", size = 219094, upload-time = "2025-09-23T09:19:12.58Z" }
wheels = [
    { url = "https://files.pythonhosted.org/packages/15/b3/9b1a8074496371342ec1e796a96f99c82c945a339cd81a8e73de28b4cf9e/anyio-4.11.0-py3-none-any.whl", hash = "sha256:0287e96f4d26d4149305414d4e3bc32f0dcd0862365a4bddea19d7a1ec38c4fc", size = 109097, upload-time = "2025-09-23T09:19:10.601Z" },
]

[[package]]
name = "certifi"
version = "2025.11.12"
source = { registry = "https://pypi.org/simple" }
sdist = { url = "https://files.pythonhosted.org/packages/a2/8c/58f469717fa48465e4a50c014a0400602d3c437d7c0c468e17ada824da3a/certifi-2025.11.12.tar.gz", hash = "sha256:d8ab5478f2ecd78af242878415affce761ca6bc54a22a27e026d7c25357c3316", size = 160538, upload-time = "2025-11-12T02:54:51.517Z" }
wheels = [
    { url = "https://files.pythonhosted.org/packages/70/7d/9bc192684cea499815ff478dfcdc13835ddf401365057044fb721ec6bddb/certifi-2025.11.12-py3-none-any.whl", hash = "sha256:97de8790030bbd5c2d96b7ec782fc2f7820ef8dba6db909ccf95449f2d062d4b", size = 159438, upload-time = "2025-11-12T02:54:49.735Z" },
]

[[package]]
name = "confluent-kafka"
version = "2.12.2"
source = { registry = "https://pypi.org/simple" }
sdist = { url = "https://files.pythonhosted.org/packages/c2/cd/18ffb1d2a7e189fee50b4a9597255e1078580d679daf913c25d0d13c3f88/confluent_kafka-2.12.2.tar.gz", hash = "sha256:5a50bfcd24f9dcf34b986f837f80126a71087364d44fcb8b45e8e74080fb6e98", size = 250423, upload-time = "2025-11-07T15:42:32.392Z" }
wheels = [
    { url = "https://files.pythonhosted.org/packages/e1/28/b209303f607288c10fcfa5521bbaa56a6e298c088d5ac658b811ff77555d/confluent_kafka-2.12.2-cp313-cp313-macosx_13_0_arm64.whl", hash = "sha256:e888667c607741af5e4b36014d215c4ad2f214646e3da777505e4cf383ac5375", size = 3163179, upload-time = "2025-11-07T15:41:51.611Z" },
    { url = "https://files.pythonhosted.org/packages/7e/4c/fee4d5c0f5e907bfbb48d3da329b66ede8c7aa0a3af42a269cee5c3e44d9/confluent_kafka-2.12.2-cp313-cp313-macosx_13_0_x86_64.whl", hash = "sha256:adc98ecfbb2a41a234c72043c0ca46c941d5da61900d998f14f29a30baa2e688", size = 3602455, upload-time = "2025-11-07T15:41:53.216Z" },
    { url = "https://files.pythonhosted.org/packages/8c/c6/fe09a0683ef0bcf2c3b8df3b6827f1b4a95288c02bac1d93a154cddfb21c/confluent_kafka-2.12.2-cp313-cp313-manylinux_2_28_aarch64.whl", hash = "sha256:d0abde08fc133cfe6667226472518c6afbb80e083090c441c4ae4cddcd8ed921", size = 3696185, upload-time = "2025-11-07T15:41:54.633Z" },
    { url = "https://files.pythonhosted.org/packages/77/ed/23ae84c4ef04a38de36033a760b352fbbd51edee9e81d5c9f7c9eba18f09/confluent_kafka-2.12.2-cp313-cp313-manylinux_2_28_x86_64.whl", hash = "sha256:b3065064a86b4494c8c94eff9968845461918a2bc89e5a800a2920f722ed2cb1", size = 3947823, upload-time = "2025-11-07T15:41:56.343Z" },
    { url = "https://files.pythonhosted.org/packages/96/45/755cfc775d9f42ebd50507ab18ec2459ea06e0fc24be4f0829616c10539a/confluent_kafka-2.12.2-cp313-cp313-win_amd64.whl", hash = "sha256:26b2291694a300b7ff00b46eda835a06b124b4878527d32277d42ca39ee95dd9", size = 4128056, upload-time = "2025-11-07T15:41:57.787Z" },
    { url = "https://files.pythonhosted.org/packages/50/76/5b093946777976ee7acf46cac73b9f5a648ad81c0b8b2d64684f0ac84962/confluent_kafka-2.12.2-cp314-cp314-macosx_13_0_arm64.whl", hash = "sha256:0101be4b6037ad5a49f71c749bfd9f24e82607774f5fb4424c4dee6bf39a302d", size = 3162999, upload-time = "2025-11-07T15:41:59.645Z" },
    { url = "https://files.pythonhosted.org/packages/08/c4/67566514acb7ccdf77dd07633c9e47c52f9c087c1676faa6661147c70acc/confluent_kafka-2.12.2-cp314-cp314-macosx_13_0_x86_64.whl", hash = "sha256:27cc33a0c47f167db81b4f46d9e1c59582d9bfd8b3c21129a2ee400f5c93844e", size = 3602261, upload-time = "2025-11-07T15:42:01.571Z" },
    { url = "https://files.pythonhosted.org/packages/2d/3c/036b78024d93f293f1f09efe093ecc63a8c33d1f202e7126c56bbd3adb79/confluent_kafka-2.12.2-cp314-cp314-manylinux_2_28_aarch64.whl", hash = "sha256:38d23cf3f428451fc14c18aa53f5f3f1a37c7d89c44bfaf2862b3d6a5068e45c", size = 3696018, upload-time = "2025-11-07T15:42:03.147Z" },
    { url = "https://files.pythonhosted.org/packages/e5/f0/2fa9456bdad9585360df5dc3089a70cc03988c9542667a1db123e618929f/confluent_kafka-2.12.2-cp314-cp314-manylinux_2_28_x86_64.whl", hash = "sha256:eed1b0e540204c52d0ab40d621c371f52044a788b542f6e28a7756fd8f7a1029", size = 3947575, upload-time = "2025-11-07T15:42:04.727Z" },
    { url = "https://files.pythonhosted.org/packages/9a/22/ceb0ded4518f58805eff102d6c712809ae61dc0d6cfebcd4dba9246575ff/confluent_kafka-2.12.2-cp314-cp314-win_amd64.whl", hash = "sha256:ef411221bfdaffae944156826965b9a08777a5dff66d765a23108f7d6774706f", size = 4245477, upload-time = "2025-11-07T15:42:06.43Z" },
    { url = "https://files.pythonhosted.org/packages/2b/d4/fa67b636df3550269e0720416ff9275783c3c5ddb83e7b366518a68501fd/confluent_kafka-2.12.2-cp314-cp314t-macosx_13_0_arm64.whl", hash = "sha256:d04f69f6c269ccf6ec1a2ec327edf977a06e790f631ede18511093c1fe598fef", size = 3161636, upload-time = "2025-11-07T15:42:07.938Z" },
    { url = "https://files.pythonhosted.org/packages/9b/25/ce8a5d5fbcda376cb55763a399cfec345a50d6e8bde12e135a05f3b6bc37/confluent_kafka-2.12.2-cp314-cp314t-macosx_13_0_x86_64.whl", hash = "sha256:01a0429cac8fe38db49ebb9bda335b0c77f14455da72ccf351d49a51c1bd00a5", size = 3600121, upload-time = "2025-11-07T15:42:09.407Z" },
    { url = "https://files.pythonhosted.org/packages/2a/91/87f15f79b1b2ca2debf4095e886b6f2d6d9071b30c2ef9d5d6414761d9bb/confluent_kafka-2.12.2-cp314-cp314t-manylinux_2_28_aarch64.whl", hash = "sha256:82ec5302cf7c9ea06d556ed8e8ea8422d2a60035b607d64579ca63663276fe9b", size = 3694893, upload-time = "2025-11-07T15:42:11.051Z" },
    { url = "https://files.pythonhosted.org/packages/c6/20/e5d739aa776f4e92ab7a2c58a5250881352f8f0e0270aad0309c48ce33bb/confluent_kafka-2.12.2-cp314-cp314t-manylinux_2_28_x86_64.whl", hash = "sha256:de9dece5803e6b58d8c101cbceb90fa55ca96e0a5f40f10483a4c8f5f4027a69", size = 3946237, upload-time = "2025-11-07T15:42:14.147Z" },
]

[[package]]
name = "dotenv"
version = "0.9.9"
source = { registry = "https://pypi.org/simple" }
dependencies = [
    { name = "python-dotenv" },
]
wheels = [
    { url = "https://files.pythonhosted.org/packages/b2/b7/545d2c10c1fc15e48653c91efde329a790f2eecfbbf2bd16003b5db2bab0/dotenv-0.9.9-py2.py3-none-any.whl", hash = "sha256:29cf74a087b31dafdb5a446b6d7e11cbce8ed2741540e2339c69fbef92c94ce9", size = 1892, upload-time = "2025-02-19T22:15:01.647Z" },
]

[[package]]
name = "gcn-kafka"
version = "0.3.4"
source = { registry = "https://pypi.org/simple" }
dependencies = [
    { name = "certifi" },
    { name = "confluent-kafka" },
]
sdist = { url = "https://files.pythonhosted.org/packages/e1/6c/bd30844a4c3f48de2e2cbd2a2101e9ac7346c41a56c59d825a37ffcfc1fa/gcn_kafka-0.3.4.tar.gz", hash = "sha256:47ed3dbc94d1d981374e7e573a05ecc17356e577409a363f32a9891b1a7ad2be", size = 12550, upload-time = "2025-07-08T17:28:37.855Z" }
wheels = [
    { url = "https://files.pythonhosted.org/packages/85/0a/643fc270208f2dd2a2524d429a31a5361ca4601331e2dcaf293e9576fa76/gcn_kafka-0.3.4-py3-none-any.whl", hash = "sha256:dc7e5b5d05fa7ca05d6fcdc3bad6914bbae41bb6a0798e1b4cf48da54afe933c", size = 9347, upload-time = "2025-07-08T17:28:36.716Z" },
]

[[package]]
name = "h11"
version = "0.16.0"
source = { registry = "https://pypi.org/simple" }
sdist = { url = "https://files.pythonhosted.org/packages/01/ee/02a2c011bdab74c6fb3c75474d40b3052059d95df7e73351460c8588d963/h11-0.16.0.tar.gz", hash = "sha256:4e35b956cf45792e4caa5885e69fba00bdbc6ffafbfa020300e549b208ee5ff1", size = 101250, upload-time = "2025-04-24T03:35:25.427Z" }
wheels = [
    { url = "https://files.pythonhosted.org/packages/04/4b/29cac41a4d98d144bf5f6d33995617b185d14b22401f75ca86f384e87ff1/h11-0.16.0-py3-none-any.whl", hash = "sha256:63cf8bbe7522de3bf65932fda1d9c2772064ffb3dae62d55932da54b31cb6c86", size = 37515, upload-time = "2025-04-24T03:35:24.344Z" },
]

[[package]]
name = "httpcore"
version = "1.0.9"
source = { registry = "https://pypi.org/simple" }
dependencies = [
    { name = "certifi" },
    { name = "h11" },
]
sdist = { url = "https://files.pythonhosted.org/packages/06/94/82699a10bca87a5556c9c59b5963f2d039dbd239f25bc2a63907a05a14cb/httpcore-1.0.9.tar.gz", hash = "sha256:6e34463af53fd2ab5d807f399a9b45ea31c3dfa2276f15a2c3f00afff6e176e8", size = 85484, upload-time = "2025-04-24T22:06:22.219Z" }
wheels = [
    { url = "https://files.pythonhosted.org/packages/7e/f5/f66802a942d491edb555dd61e3a9961140fd64c90bce1eafd741609d334d/httpcore-1.0.9-py3-none-any.whl", hash = "sha256:2d400746a40668fc9dec9810239072b40b4484b640a8c38fd654a024c7a1bf55", size = 78784, upload-time = "2025-04-24T22:06:20.566Z" },
]

[[package]]
name = "httpx"
version = "0.28.1"
source = { registry = "https://pypi.org/simple" }
dependencies = [
    { name = "anyio" },
    { name = "certifi" },
    { name = "httpcore" },
    { name = "idna" },
]
sdist = { url = "https://files.pythonhosted.org/packages/b1/df/48c586a5fe32a0f01324ee087459e112ebb7224f646c0b5023f5e79e9956/httpx-0.28.1.tar.gz", hash = "sha256:75e98c5f16b0f35b567856f597f06ff2270a374470a5c2392242528e3e3e42fc", size = 141406, upload-time = "2024-12-06T15:37:23.222Z" }
wheels = [
    { url = "https://files.pythonhosted.org/packages/2a/39/e50c7c3a983047577ee07d2a9e53faf5a69493943ec3f6a384bdc792deb2/httpx-0.28.1-py3-none-any.whl", hash = "sha256:d909fcccc110f8c7faf814ca82a9a4d816bc5a6dbfea25d6591d6985b8ba59ad", size = 73517, upload-time = "2024-12-06T15:37:21.509Z" },
]

[[package]]
name = "idna"
version = "3.11"
source = { registry = "https://pypi.org/simple" }
sdist = { url = "https://files.pythonhosted.org/packages/6f/6d/0703ccc57f3a7233505399edb88de3cbd678da106337b9fcde432b65ed60/idna-3.11.tar.gz", hash = "sha256:795dafcc9c04ed0c1fb032c2aa73654d8e8c5023a7df64a53f39190ada629902", size = 194582, upload-time = "2025-10-12T14:55:20.501Z" }
wheels = [
    { url = "https://files.pythonhosted.org/packages/0e/61/66938bbb5fc52dbdf84594873d5b51fb1f7c7794e9c0f5bd885f30bc507b/idna-3.11-py3-none-any.whl", hash = "sha256:771a87f49d9defaf64091e6e6fe9c18d4833f140bd19464795bc32d966ca37ea", size = 71008, upload-time = "2025-10-12T14:55:18.883Z" },
]

[[package]]
name = "python-dotenv"
version = "1.2.1"
source = { registry = "https://pypi.org/simple" }
sdist = { url = "https://files.pythonhosted.org/packages/f0/26/19cadc79a718c5edbec86fd4919a6b6d3f681039a2f6d66d14be94e75fb9/python_dotenv-1.2.1.tar.gz", hash = "sha256:42667e897e16ab0d66954af0e60a9caa94f0fd4ecf3aaf6d2d260eec1aa36ad6", size = 44221, upload-time = "2025-10-26T15:12:10.434Z" }
wheels = [
    { url = "https://files.pythonhosted.org/packages/14/1b/a298b06749107c305e1fe0f814c6c74aea7b2f1e10989cb30f544a1b3253/python_dotenv-1.2.1-py3-none-any.whl", hash = "sha256:b81ee9561e9ca4004139c6cbba3a238c32b03e4894671e181b671e8cb8425d61", size = 21230, upload-time = "2025-10-26T15:12:09.109Z" },
]

[[package]]
name = "ruff"
version = "0.14.6"
source = { registry = "https://pypi.org/simple" }
sdist = { url = "https://files.pythonhosted.org/packages/52/f0/62b5a1a723fe183650109407fa56abb433b00aa1c0b9ba555f9c4efec2c6/ruff-0.14.6.tar.gz", hash = "sha256:6f0c742ca6a7783a736b867a263b9a7a80a45ce9bee391eeda296895f1b4e1cc", size = 5669501, upload-time = "2025-11-21T14:26:17.903Z" }
wheels = [
    { url = "https://files.pythonhosted.org/packages/67/d2/7dd544116d107fffb24a0064d41a5d2ed1c9d6372d142f9ba108c8e39207/ruff-0.14.6-py3-none-linux_armv6l.whl", hash = "sha256:d724ac2f1c240dbd01a2ae98db5d1d9a5e1d9e96eba999d1c48e30062df578a3", size = 13326119, upload-time = "2025-11-21T14:25:24.2Z" },
    { url = "https://files.pythonhosted.org/packages/36/6a/ad66d0a3315d6327ed6b01f759d83df3c4d5f86c30462121024361137b6a/ruff-0.14.6-py3-none-macosx_10_12_x86_64.whl", hash = "sha256:9f7539ea257aa4d07b7ce87aed580e485c40143f2473ff2f2b75aee003186004", size = 13526007, upload-time = "2025-11-21T14:25:26.906Z" },
    { url = "https://files.pythonhosted.org/packages/a3/9d/dae6db96df28e0a15dea8e986ee393af70fc97fd57669808728080529c37/ruff-0.14.6-py3-none-macosx_11_0_arm64.whl", hash = "sha256:7f6007e55b90a2a7e93083ba48a9f23c3158c433591c33ee2e99a49b889c6332", size = 12676572, upload-time = "2025-11-21T14:25:29.826Z" },
    { url = "https://files.pythonhosted.org/packages/76/a4/f319e87759949062cfee1b26245048e92e2acce900ad3a909285f9db1859/ruff-0.14.6-py3-none-manylinux_2_17_aarch64.manylinux2014_aarch64.whl", hash = "sha256:0a8e7b9d73d8728b68f632aa8e824ef041d068d231d8dbc7808532d3629a6bef", size = 13140745, upload-time = "2025-11-21T14:25:32.788Z" },
    { url = "https://files.pythonhosted.org/packages/95/d3/248c1efc71a0a8ed4e8e10b4b2266845d7dfc7a0ab64354afe049eaa1310/ruff-0.14.6-py3-none-manylinux_2_17_armv7l.manylinux2014_armv7l.whl", hash = "sha256:d50d45d4553a3ebcbd33e7c5e0fe6ca4aafd9a9122492de357205c2c48f00775", size = 13076486, upload-time = "2025-11-21T14:25:35.601Z" },
    { url = "https://files.pythonhosted.org/packages/a5/19/b68d4563fe50eba4b8c92aa842149bb56dd24d198389c0ed12e7faff4f7d/ruff-0.14.6-py3-none-manylinux_2_17_i686.manylinux2014_i686.whl", hash = "sha256:118548dd121f8a21bfa8ab2c5b80e5b4aed67ead4b7567790962554f38e598ce", size = 13727563, upload-time = "2025-11-21T14:25:38.514Z" },
    { url = "https://files.pythonhosted.org/packages/47/ac/943169436832d4b0e867235abbdb57ce3a82367b47e0280fa7b4eabb7593/ruff-0.14.6-py3-none-manylinux_2_17_ppc64.manylinux2014_ppc64.whl", hash = "sha256:57256efafbfefcb8748df9d1d766062f62b20150691021f8ab79e2d919f7c11f", size = 15199755, upload-time = "2025-11-21T14:25:41.516Z" },
    { url = "https://files.pythonhosted.org/packages/c9/b9/288bb2399860a36d4bb0541cb66cce3c0f4156aaff009dc8499be0c24bf2/ruff-0.14.6-py3-none-manylinux_2_17_ppc64le.manylinux2014_ppc64le.whl", hash = "sha256:ff18134841e5c68f8e5df1999a64429a02d5549036b394fafbe410f886e1989d", size = 14850608, upload-time = "2025-11-21T14:25:44.428Z" },
    { url = "https://files.pythonhosted.org/packages/ee/b1/a0d549dd4364e240f37e7d2907e97ee80587480d98c7799d2d8dc7a2f605/ruff-0.14.6-py3-none-manylinux_2_17_s390x.manylinux2014_s390x.whl", hash = "sha256:29c4b7ec1e66a105d5c27bd57fa93203637d66a26d10ca9809dc7fc18ec58440", size = 14118754, upload-time = "2025-11-21T14:25:47.214Z" },
    { url = "https://files.pythonhosted.org/packages/13/ac/9b9fe63716af8bdfddfacd0882bc1586f29985d3b988b3c62ddce2e202c3/ruff-0.14.6-py3-none-manylinux_2_17_x86_64.manylinux2014_x86_64.whl", hash = "sha256:167843a6f78680746d7e226f255d920aeed5e4ad9c03258094a2d49d3028b105", size = 13949214, upload-time = "2025-11-21T14:25:50.002Z" },
    { url = "https://files.pythonhosted.org/packages/12/27/4dad6c6a77fede9560b7df6802b1b697e97e49ceabe1f12baf3ea20862e9/ruff-0.14.6-py3-none-manylinux_2_31_riscv64.whl", hash = "sha256:16a33af621c9c523b1ae006b1b99b159bf5ac7e4b1f20b85b2572455018e0821", size = 14106112, upload-time = "2025-11-21T14:25:52.841Z" },
    { url = "https://files.pythonhosted.org/packages/6a/db/23e322d7177873eaedea59a7932ca5084ec5b7e20cb30f341ab594130a71/ruff-0.14.6-py3-none-musllinux_1_2_aarch64.whl", hash = "sha256:1432ab6e1ae2dc565a7eea707d3b03a0c234ef401482a6f1621bc1f427c2ff55", size = 13035010, upload-time = "2025-11-21T14:25:55.536Z" },
    { url = "https://files.pythonhosted.org/packages/a8/9c/20e21d4d69dbb35e6a1df7691e02f363423658a20a2afacf2a2c011800dc/ruff-0.14.6-py3-none-musllinux_1_2_armv7l.whl", hash = "sha256:4c55cfbbe7abb61eb914bfd20683d14cdfb38a6d56c6c66efa55ec6570ee4e71", size = 13054082, upload-time = "2025-11-21T14:25:58.625Z" },
    { url = "https://files.pythonhosted.org/packages/66/25/906ee6a0464c3125c8d673c589771a974965c2be1a1e28b5c3b96cb6ef88/ruff-0.14.6-py3-none-musllinux_1_2_i686.whl", hash = "sha256:efea3c0f21901a685fff4befda6d61a1bf4cb43de16da87e8226a281d614350b", size = 13303354, upload-time = "2025-11-21T14:26:01.816Z" },
    { url = "https://files.pythonhosted.org/packages/4c/58/60577569e198d56922b7ead07b465f559002b7b11d53f40937e95067ca1c/ruff-0.14.6-py3-none-musllinux_1_2_x86_64.whl", hash = "sha256:344d97172576d75dc6afc0e9243376dbe1668559c72de1864439c4fc95f78185", size = 14054487, upload-time = "2025-11-21T14:26:05.058Z" },
    { url = "https://files.pythonhosted.org/packages/67/0b/8e4e0639e4cc12547f41cb771b0b44ec8225b6b6a93393176d75fe6f7d40/ruff-0.14.6-py3-none-win32.whl", hash = "sha256:00169c0c8b85396516fdd9ce3446c7ca20c2a8f90a77aa945ba6b8f2bfe99e85", size = 13013361, upload-time = "2025-11-21T14:26:08.152Z" },
    { url = "https://files.pythonhosted.org/packages/fb/02/82240553b77fd1341f80ebb3eaae43ba011c7a91b4224a9f317d8e6591af/ruff-0.14.6-py3-none-win_amd64.whl", hash = "sha256:390e6480c5e3659f8a4c8d6a0373027820419ac14fa0d2713bd8e6c3e125b8b9", size = 14432087, upload-time = "2025-11-21T14:26:10.891Z" },
    { url = "https://files.pythonhosted.org/packages/a5/1f/93f9b0fad9470e4c829a5bb678da4012f0c710d09331b860ee555216f4ea/ruff-0.14.6-py3-none-win_arm64.whl", hash = "sha256:d43c81fbeae52cfa8728d8766bbf46ee4298c888072105815b392da70ca836b2", size = 13520930, upload-time = "2025-11-21T14:26:13.951Z" },
]

[[package]]
name = "sniffio"
version = "1.3.1"
source = { registry = "https://pypi.org/simple" }
sdist = { url = "https://files.pythonhosted.org/packages/a2/87/a6771e1546d97e7e041b6ae58d80074f81b7d5121207425c964ddf5cfdbd/sniffio-1.3.1.tar.gz", hash = "sha256:f4324edc670a0f49750a81b895f35c3adb843cca46f0530f79fc1babb23789dc", size = 20372, upload-time = "2024-02-25T23:20:04.057Z" }
wheels = [
    { url = "https://files.pythonhosted.org/packages/e9/44/75a9c9421471a6c4805dbf2356f7c181a29c1879239abab1ea2cc8f38b40/sniffio-1.3.1-py3-none-any.whl", hash = "sha256:2f6da418d1f1e0fddd844478f41680e794e6051915791a034ff65e5f100525a2", size = 10235, upload-time = "2024-02-25T23:20:01.196Z" },
]
